
Microsoft Visual Studio Solution File, Format Version 12.00
# Visual Studio Version 16
VisualStudioVersion = 16.0.31729.503
MinimumVisualStudioVersion = 10.0.40219.1
Project("{FAE04EC0-301F-11D3-BF4B-00C04F79EFBC}") = "MapNotepad.Android", "MapNotepad\MapNotepad.Android\MapNotepad.Android.csproj", "{26142A98-2F56-4C9F-A40E-8769829B406E}"
EndProject
Project("{FAE04EC0-301F-11D3-BF4B-00C04F79EFBC}") = "MapNotepad.iOS", "MapNotepad\MapNotepad.iOS\MapNotepad.iOS.csproj", "{3827E869-659A-4B31-AD0D-762BC5902D5D}"
EndProject
Project("{FAE04EC0-301F-11D3-BF4B-00C04F79EFBC}") = "MapNotepad", "MapNotepad\MapNotepad\MapNotepad.csproj", "{B1D91758-100D-4AC4-9B2A-0DC179D5D76B}"
EndProject
Global
	GlobalSection(SolutionConfigurationPlatforms) = preSolution
		Debug|Any CPU = Debug|Any CPU
		Debug|iPhone = Debug|iPhone
		Debug|iPhoneSimulator = Debug|iPhoneSimulator
		Release|Any CPU = Release|Any CPU
		Release|iPhone = Release|iPhone
		Release|iPhoneSimulator = Release|iPhoneSimulator
	EndGlobalSection
	GlobalSection(ProjectConfigurationPlatforms) = postSolution
		{26142A98-2F56-4C9F-A40E-8769829B406E}.Debug|Any CPU.ActiveCfg = Debug|Any CPU
		{26142A98-2F56-4C9F-A40E-8769829B406E}.Debug|Any CPU.Build.0 = Debug|Any CPU
		{26142A98-2F56-4C9F-A40E-8769829B406E}.Debug|Any CPU.Deploy.0 = Debug|Any CPU
		{26142A98-2F56-4C9F-A40E-8769829B406E}.Debug|iPhone.ActiveCfg = Debug|Any CPU
		{26142A98-2F56-4C9F-A40E-8769829B406E}.Debug|iPhone.Build.0 = Debug|Any CPU
		{26142A98-2F56-4C9F-A40E-8769829B406E}.Debug|iPhone.Deploy.0 = Debug|Any CPU
		{26142A98-2F56-4C9F-A40E-8769829B406E}.Debug|iPhoneSimulator.ActiveCfg = Debug|Any CPU
		{26142A98-2F56-4C9F-A40E-8769829B406E}.Debug|iPhoneSimulator.Build.0 = Debug|Any CPU
		{26142A98-2F56-4C9F-A40E-8769829B406E}.Debug|iPhoneSimulator.Deploy.0 = Debug|Any CPU
		{26142A98-2F56-4C9F-A40E-8769829B406E}.Release|Any CPU.ActiveCfg = Release|Any CPU
		{26142A98-2F56-4C9F-A40E-8769829B406E}.Release|Any CPU.Build.0 = Release|Any CPU
		{26142A98-2F56-4C9F-A40E-8769829B406E}.Release|Any CPU.Deploy.0 = Release|Any CPU
		{26142A98-2F56-4C9F-A40E-8769829B406E}.Release|iPhone.ActiveCfg = Release|Any CPU
		{26142A98-2F56-4C9F-A40E-8769829B406E}.Release|iPhone.Build.0 = Release|Any CPU
		{26142A98-2F56-4C9F-A40E-8769829B406E}.Release|iPhone.Deploy.0 = Release|Any CPU
		{26142A98-2F56-4C9F-A40E-8769829B406E}.Release|iPhoneSimulator.ActiveCfg = Release|Any CPU
		{26142A98-2F56-4C9F-A40E-8769829B406E}.Release|iPhoneSimulator.Build.0 = Release|Any CPU
		{26142A98-2F56-4C9F-A40E-8769829B406E}.Release|iPhoneSimulator.Deploy.0 = Release|Any CPU
		{3827E869-659A-4B31-AD0D-762BC5902D5D}.Debug|Any CPU.ActiveCfg = Debug|iPhone
		{3827E869-659A-4B31-AD0D-762BC5902D5D}.Debug|Any CPU.Build.0 = Debug|iPhone
		{3827E869-659A-4B31-AD0D-762BC5902D5D}.Debug|Any CPU.Deploy.0 = Debug|iPhone
		{3827E869-659A-4B31-AD0D-762BC5902D5D}.Debug|iPhone.ActiveCfg = Debug|iPhone
		{3827E869-659A-4B31-AD0D-762BC5902D5D}.Debug|iPhone.Build.0 = Debug|iPhone
		{3827E869-659A-4B31-AD0D-762BC5902D5D}.Debug|iPhone.Deploy.0 = Debug|iPhone
		{3827E869-659A-4B31-AD0D-762BC5902D5D}.Debug|iPhoneSimulator.ActiveCfg = Debug|iPhoneSimulator
		{3827E869-659A-4B31-AD0D-762BC5902D5D}.Debug|iPhoneSimulator.Build.0 = Debug|iPhoneSimulator
		{3827E869-659A-4B31-AD0D-762BC5902D5D}.Debug|iPhoneSimulator.Deploy.0 = Debug|iPhoneSimulator
		{3827E869-659A-4B31-AD0D-762BC5902D5D}.Release|Any CPU.ActiveCfg = Release|iPhoneSimulator
		{3827E869-659A-4B31-AD0D-762BC5902D5D}.Release|Any CPU.Build.0 = Release|iPhoneSimulator
		{3827E869-659A-4B31-AD0D-762BC5902D5D}.Release|Any CPU.Deploy.0 = Release|iPhoneSimulator
		{3827E869-659A-4B31-AD0D-762BC5902D5D}.Release|iPhone.ActiveCfg = Release|iPhone
		{3827E869-659A-4B31-AD0D-762BC5902D5D}.Release|iPhone.Build.0 = Release|iPhone
		{3827E869-659A-4B31-AD0D-762BC5902D5D}.Release|iPhone.Deploy.0 = Release|iPhone
		{3827E869-659A-4B31-AD0D-762BC5902D5D}.Release|iPhoneSimulator.ActiveCfg = Release|iPhoneSimulator
		{3827E869-659A-4B31-AD0D-762BC5902D5D}.Release|iPhoneSimulator.Build.0 = Release|iPhoneSimulator
		{3827E869-659A-4B31-AD0D-762BC5902D5D}.Release|iPhoneSimulator.Deploy.0 = Release|iPhoneSimulator
		{B1D91758-100D-4AC4-9B2A-0DC179D5D76B}.Debug|Any CPU.ActiveCfg = Debug|Any CPU
		{B1D91758-100D-4AC4-9B2A-0DC179D5D76B}.Debug|Any CPU.Build.0 = Debug|Any CPU
		{B1D91758-100D-4AC4-9B2A-0DC179D5D76B}.Debug|Any CPU.Deploy.0 = Debug|Any CPU
		{B1D91758-100D-4AC4-9B2A-0DC179D5D76B}.Debug|iPhone.ActiveCfg = Debug|Any CPU
		{B1D91758-100D-4AC4-9B2A-0DC179D5D76B}.Debug|iPhone.Build.0 = Debug|Any CPU
		{B1D91758-100D-4AC4-9B2A-0DC179D5D76B}.Debug|iPhone.Deploy.0 = Debug|Any CPU
		{B1D91758-100D-4AC4-9B2A-0DC179D5D76B}.Debug|iPhoneSimulator.ActiveCfg = Debug|Any CPU
		{B1D91758-100D-4AC4-9B2A-0DC179D5D76B}.Debug|iPhoneSimulator.Build.0 = Debug|Any CPU
		{B1D91758-100D-4AC4-9B2A-0DC179D5D76B}.Debug|iPhoneSimulator.Deploy.0 = Debug|Any CPU
		{B1D91758-100D-4AC4-9B2A-0DC179D5D76B}.Release|Any CPU.ActiveCfg = Release|Any CPU
		{B1D91758-100D-4AC4-9B2A-0DC179D5D76B}.Release|Any CPU.Build.0 = Release|Any CPU
		{B1D91758-100D-4AC4-9B2A-0DC179D5D76B}.Release|Any CPU.Deploy.0 = Release|Any CPU
		{B1D91758-100D-4AC4-9B2A-0DC179D5D76B}.Release|iPhone.ActiveCfg = Release|Any CPU
		{B1D91758-100D-4AC4-9B2A-0DC179D5D76B}.Release|iPhone.Build.0 = Release|Any CPU
		{B1D91758-100D-4AC4-9B2A-0DC179D5D76B}.Release|iPhone.Deploy.0 = Release|Any CPU
		{B1D91758-100D-4AC4-9B2A-0DC179D5D76B}.Release|iPhoneSimulator.ActiveCfg = Release|Any CPU
		{B1D91758-100D-4AC4-9B2A-0DC179D5D76B}.Release|iPhoneSimulator.Build.0 = Release|Any CPU
		{B1D91758-100D-4AC4-9B2A-0DC179D5D76B}.Release|iPhoneSimulator.Deploy.0 = Release|Any CPU
	EndGlobalSection
	GlobalSection(SolutionProperties) = preSolution
		HideSolutionNode = FALSE
	EndGlobalSection
	GlobalSection(ExtensibilityGlobals) = postSolution
		SolutionGuid = {DFB4BDE8-33CE-4F0D-A397-3386DBD9A926}
	EndGlobalSection
EndGlobal
